{
  "name": "aiplay-studio",
  "version": "0.1.0",
  "lockfileVersion": 3,
  "requires": true,
  "packages": {
    "": {
      "name": "aiplay-studio",
      "version": "0.1.0",
      "license": "Apache-2.0",
      "dependencies": {
        "gltf-validator": "2.0.0-dev.3.10",
        "three": "0.185.1",
        "ws": "^8.18.0"
      },
      "engines": {
        "node": ">=20"
      }
    },
    "node_modules/gltf-validator": {
      "version": "2.0.0-dev.3.10",
      "resolved": "https://registry.npmjs.org/gltf-validator/-/gltf-validator-2.0.0-dev.3.10.tgz",
      "integrity": "sha512-odJ4k0tRkGXiDGn78yDBg+fBbAIvBnXxh3RwAta0emSxGtyagFE8B4xELB1oYe3S5RD8Ci3uZAsZaascH2LAEQ==",
      "license": "Apache-2.0"
    },
    "node_modules/three": {
      "version": "0.185.1",
      "resolved": "https://registry.npmjs.org/three/-/three-0.185.1.tgz",
      "integrity": "sha512-5aojFCXKwnjBRZvUnt3WFfEcvUJgkN5LlijRFN95hMy8WVkG4I0QNcJE+OuWvuJ0bOdStrbfXn0pkd6/QyiAlg==",
      "license": "MIT"
    },
    "node_modules/ws": {
      "version": "8.21.3",
      "resolved": "https://registry.npmjs.org/ws/-/ws-8.21.3.tgz",
      "integrity": "sha512-201TZ/kPWxoPr/OKWjquZR1SWKXcvxdH+e1xrx89b3YbmzLMFCLfnaG1HFIgWzJOEWZ7MvpK++odZufgYR50Rw==",
      "license": "MIT",
      "engines": {
        "node": ">=10.0.0"
      },
      "peerDependencies": {
        "bufferutil": "^4.0.1",
        "utf-8-validate": ">=5.0.2"
      },
      "peerDependenciesMeta": {
        "bufferutil": {
          "optional": true
        },
        "utf-8-validate": {
          "optional": true
        }
      }
    }
  }
}
